
Microsoft Visual Studio Solution File, Format Version 12.00
# Visual Studio Version 16
VisualStudioVersion = 16.0.30711.63
MinimumVisualStudioVersion = 10.0.40219.1
Project("{9A19103F-16F7-4668-BE54-9A1E7A4F7556}") = "TSApi", "TSApi.csproj", "{DA493978-637A-4D56-9B8A-5BAE28F4CA9A}"
EndProject
Global
	GlobalSection(SolutionConfigurationPlatforms) = preSolution
		Debug|Any CPU = Debug|Any CPU
		Release|Any CPU = Release|Any CPU
	EndGlobalSection
	GlobalSection(ProjectConfigurationPlatforms) = postSolution
		{DA493978-637A-4D56-9B8A-5BAE28F4CA9A}.Debug|Any CPU.ActiveCfg = Debug|Any CPU
		{DA493978-637A-4D56-9B8A-5BAE28F4CA9A}.Debug|Any CPU.Build.0 = Debug|Any CPU
		{DA493978-637A-4D56-9B8A-5BAE28F4CA9A}.Release|Any CPU.ActiveCfg = Release|Any CPU
		{DA493978-637A-4D56-9B8A-5BAE28F4CA9A}.Release|Any CPU.Build.0 = Release|Any CPU
	EndGlobalSection
	GlobalSection(SolutionProperties) = preSolution
		HideSolutionNode = FALSE
	EndGlobalSection
	GlobalSection(ExtensibilityGlobals) = postSolution
		SolutionGuid = {1442C233-C7C4-42DC-B65C-99705E6D5A92}
	EndGlobalSection
EndGlobal
